// !$*UTF8*$!
{
	archiveVersion = 1;
	classes = {
	};
	objectVersion = 46;
	objects = {

/* Begin PBXBuildFile section */
		5E8F89201FDCCB0200A26A54 /* crowded.cpp in Sources */ = {isa = PBXBuildFile; fileRef = 5E8F891F1FDCCB0200A26A54 /* crowded.cpp */; };
/* End PBXBuildFile section */

/* Begin PBXCopyFilesBuildPhase section */
		5E8F891A1FDCCB0200A26A54 /* CopyFiles */ = {
			isa = PBXCopyFilesBuildPhase;
			buildActionMask = 2147483647;
			dstPath = /usr/share/man/man1/;
			dstSubfolderSpec = 0;
			files = (
			);
			runOnlyForDeploymentPostprocessing = 1;
		};
/* End PBXCopyFilesBuildPhase section */

/* Begin PBXFileReference section */
		5E8F891C1FDCCB0200A26A54 /* crowded2 */ = {isa = PBXFileReference; explicitFileType = "compiled.mach-o.executable"; includeInIndex = 0; path = crowded2; sourceTree = BUILT_PRODUCTS_DIR; };
		5E8F891F1FDCCB0200A26A54 /* crowded.cpp */ = {isa = PBXFileReference; lastKnownFileType = sourcecode.cpp.cpp; path = crowded.cpp; sourceTree = "<group>"; };
		5E8F89261FDCCB9800A26A54 /* crowded.in */ = {isa = PBXFileReference; fileEncoding = 4; lastKnownFileType = text; path = crowded.in; sourceTree = "<group>"; };
		5E8F89271FDCCB9D00A26A54 /* crowded.out */ = {isa = PBXFileReference; fileEncoding = 4; lastKnownFileType = text; path = crowded.out; sourceTree = "<group>"; };
/* End PBXFileReference section */

/* Begin PBXFrameworksBuildPhase section */
		5E8F89191FDCCB0200A26A54 /* Frameworks */ = {
			isa = PBXFrameworksBuildPhase;
			buildActionMask = 2147483647;
			files = (
			);
			runOnlyForDeploymentPostprocessing = 0;
		};
/* End PBXFrameworksBuildPhase section */

/* Begin PBXGroup section */
		5E8F89131FDCCB0200A26A54 = {
			isa = PBXGroup;
			children = (
				5E8F891E1FDCCB0200A26A54 /* crowded2 */,
				5E8F891D1FDCCB0200A26A54 /* Products */,
			);
			sourceTree = "<group>";
		};
		5E8F891D1FDCCB0200A26A54 /* Products */ = {
			isa = PBXGroup;
			children = (
				5E8F891C1FDCCB0200A26A54 /* crowded2 */,
			);
			name = Products;
			sourceTree = "<group>";
		};
		5E8F891E1FDCCB0200A26A54 /* crowded2 */ = {
			isa = PBXGroup;
			children = (
				5E8F891F1FDCCB0200A26A54 /* crowded.cpp */,
				5E8F89261FDCCB9800A26A54 /* crowded.in */,
				5E8F89271FDCCB9D00A26A54 /* crowded.out */,
			);
			path = crowded2;
			sourceTree = "<group>";
		};
/* End PBXGroup section */

/* Begin PBXNativeTarget section */
		5E8F891B1FDCCB0200A26A54 /* crowded2 */ = {
			isa = PBXNativeTarget;
			buildConfigurationList = 5E8F89231FDCCB0200A26A54 /* Build configuration list for PBXNativeTarget "crowded2" */;
			buildPhases = (
				5E8F89181FDCCB0200A26A54 /* Sources */,
				5E8F89191FDCCB0200A26A54 /* Frameworks */,
				5E8F891A1FDCCB0200A26A54 /* CopyFiles */,
			);
			buildRules = (
			);
			dependencies = (
			);
			name = crowded2;
			productName = crowded2;
			productReference = 5E8F891C1FDCCB0200A26A54 /* crowded2 */;
			productType = "com.apple.product-type.tool";
		};
/* End PBXNativeTarget section */

/* Begin PBXProject section */
		5E8F89141FDCCB0200A26A54 /* Project object */ = {
			isa = PBXProject;
			attributes = {
				LastUpgradeCheck = 0710;
				ORGANIZATIONNAME = MaxYuan;
				TargetAttributes = {
					5E8F891B1FDCCB0200A26A54 = {
						CreatedOnToolsVersion = 7.1.1;
					};
				};
			};
			buildConfigurationList = 5E8F89171FDCCB0200A26A54 /* Build configuration list for PBXProject "crowded2" */;
			compatibilityVersion = "Xcode 3.2";
			developmentRegion = English;
			hasScannedForEncodings = 0;
			knownRegions = (
				en,
			);
			mainGroup = 5E8F89131FDCCB0200A26A54;
			productRefGroup = 5E8F891D1FDCCB0200A26A54 /* Products */;
			projectDirPath = "";
			projectRoot = "";
			targets = (
				5E8F891B1FDCCB0200A26A54 /* crowded2 */,
			);
		};
/* End PBXProject section */

/* Begin PBXSourcesBuildPhase section */
		5E8F89181FDCCB0200A26A54 /* Sources */ = {
			isa = PBXSourcesBuildPhase;
			buildActionMask = 2147483647;
			files = (
				5E8F89201FDCCB0200A26A54 /* crowded.cpp in Sources */,
			);
			runOnlyForDeploymentPostprocessing = 0;
		};
/* End PBXSourcesBuildPhase section */

/* Begin XCBuildConfiguration section */
		5E8F89211FDCCB0200A26A54 /* Debug */ = {
			isa = XCBuildConfiguration;
			buildSettings = {
				ALWAYS_SEARCH_USER_PATHS = NO;
				CLANG_CXX_LANGUAGE_STANDARD = "gnu++0x";
				CLANG_CXX_LIBRARY = "libc++";
				CLANG_ENABLE_MODULES = YES;
				CLANG_ENABLE_OBJC_ARC = YES;
				CLANG_WARN_BOOL_CONVERSION = YES;
				CLANG_WARN_CONSTANT_CONVERSION = YES;
				CLANG_WARN_DIRECT_OBJC_ISA_USAGE = YES_ERROR;
				CLANG_WARN_EMPTY_BODY = YES;
				CLANG_WARN_ENUM_CONVERSION = YES;
				CLANG_WARN_INT_CONVERSION = YES;
				CLANG_WARN_OBJC_ROOT_CLASS = YES_ERROR;
				CLANG_WARN_UNREACHABLE_CODE = YES;
				CLANG_WARN__DUPLICATE_METHOD_MATCH = YES;
				CODE_SIGN_IDENTITY = "-";
				COPY_PHASE_STRIP = NO;
				DEBUG_INFORMATION_FORMAT = dwarf;
				ENABLE_STRICT_OBJC_MSGSEND = YES;
				ENABLE_TESTABILITY = YES;
				GCC_C_LANGUAGE_STANDARD = gnu99;
				GCC_DYNAMIC_NO_PIC = NO;
				GCC_NO_COMMON_BLOCKS = YES;
				GCC_OPTIMIZATION_LEVEL = 0;
				GCC_PREPROCESSOR_DEFINITIONS = (
					"DEBUG=1",
					"$(inherited)",
				);
				GCC_WARN_64_TO_32_BIT_CONVERSION = YES;
				GCC_WARN_ABOUT_RETURN_TYPE = YES_ERROR;
				GCC_WARN_UNDECLARED_SELECTOR = YES;
				GCC_WARN_UNINITIALIZED_AUTOS = YES_AGGRESSIVE;
				GCC_WARN_UNUSED_FUNCTION = YES;
				GCC_WARN_UNUSED_VARIABLE = YES;
				MACOSX_DEPLOYMENT_TARGET = 10.13;
				MTL_ENABLE_DEBUG_INFO = YES;
				ONLY_ACTIVE_ARCH = YES;
				SDKROOT = macosx;
			};
			name = Debug;
		};
		5E8F89221FDCCB0200A26A54 /* Release */ = {
			isa = XCBuildConfiguration;
			buildSettings = {
				ALWAYS_SEARCH_USER_PATHS = NO;
				CLANG_CXX_LANGUAGE_STANDARD = "gnu++0x";
				CLANG_CXX_LIBRARY = "libc++";
				CLANG_ENABLE_MODULES = YES;
				CLANG_ENABLE_OBJC_ARC = YES;
				CLANG_WARN_BOOL_CONVERSION = YES;
				CLANG_WARN_CONSTANT_CONVERSION = YES;
				CLANG_WARN_DIRECT_OBJC_ISA_USAGE = YES_ERROR;
				CLANG_WARN_EMPTY_BODY = YES;
				CLANG_WARN_ENUM_CONVERSION = YES;
				CLANG_WARN_INT_CONVERSION = YES;
				CLANG_WARN_OBJC_ROOT_CLASS = YES_ERROR;
				CLANG_WARN_UNREACHABLE_CODE = YES;
				CLANG_WARN__DUPLICATE_METHOD_MATCH = YES;
				CODE_SIGN_IDENTITY = "-";
				COPY_PHASE_STRIP = NO;
				DEBUG_INFORMATION_FORMAT = "dwarf-with-dsym";
				ENABLE_NS_ASSERTIONS = NO;
				ENABLE_STRICT_OBJC_MSGSEND = YES;
				GCC_C_LANGUAGE_STANDARD = gnu99;
				GCC_NO_COMMON_BLOCKS = YES;
				GCC_WARN_64_TO_32_BIT_CONVERSION = YES;
				GCC_WARN_ABOUT_RETURN_TYPE = YES_ERROR;
				GCC_WARN_UNDECLARED_SELECTOR = YES;
				GCC_WARN_UNINITIALIZED_AUTOS = YES_AGGRESSIVE;
				GCC_WARN_UNUSED_FUNCTION = YES;
				GCC_WARN_UNUSED_VARIABLE = YES;
				MACOSX_DEPLOYMENT_TARGET = 10.13;
				MTL_ENABLE_DEBUG_INFO = NO;
				SDKROOT = macosx;
			};
			name = Release;
		};
		5E8F89241FDCCB0200A26A54 /* Debug */ = {
			isa = XCBuildConfiguration;
			buildSettings = {
				PRODUCT_NAME = "$(TARGET_NAME)";
			};
			name = Debug;
		};
		5E8F89251FDCCB0200A26A54 /* Release */ = {
			isa = XCBuildConfiguration;
			buildSettings = {
				PRODUCT_NAME = "$(TARGET_NAME)";
			};
			name = Release;
		};
/* End XCBuildConfiguration section */

/* Begin XCConfigurationList section */
		5E8F89171FDCCB0200A26A54 /* Build configuration list for PBXProject "crowded2" */ = {
			isa = XCConfigurationList;
			buildConfigurations = (
				5E8F89211FDCCB0200A26A54 /* Debug */,
				5E8F89221FDCCB0200A26A54 /* Release */,
			);
			defaultConfigurationIsVisible = 0;
			defaultConfigurationName = Release;
		};
		5E8F89231FDCCB0200A26A54 /* Build configuration list for PBXNativeTarget "crowded2" */ = {
			isa = XCConfigurationList;
			buildConfigurations = (
				5E8F89241FDCCB0200A26A54 /* Debug */,
				5E8F89251FDCCB0200A26A54 /* Release */,
			);
			defaultConfigurationIsVisible = 0;
		};
/* End XCConfigurationList section */
	};
	rootObject = 5E8F89141FDCCB0200A26A54 /* Project object */;
}
