// !$*UTF8*$!
{
	archiveVersion = 1;
	classes = {
	};
	objectVersion = 46;
	objects = {

/* Begin PBXBuildFile section */
		5EC92F1F1FD63318009E6036 /* clumsy.cpp in Sources */ = {isa = PBXBuildFile; fileRef = 5EC92F1E1FD63318009E6036 /* clumsy.cpp */; };
/* End PBXBuildFile section */

/* Begin PBXCopyFilesBuildPhase section */
		5EC92F191FD63318009E6036 /* CopyFiles */ = {
			isa = PBXCopyFilesBuildPhase;
			buildActionMask = 2147483647;
			dstPath = /usr/share/man/man1/;
			dstSubfolderSpec = 0;
			files = (
			);
			runOnlyForDeploymentPostprocessing = 1;
		};
/* End PBXCopyFilesBuildPhase section */

/* Begin PBXFileReference section */
		5EC92F1B1FD63318009E6036 /* clumsy */ = {isa = PBXFileReference; explicitFileType = "compiled.mach-o.executable"; includeInIndex = 0; path = clumsy; sourceTree = BUILT_PRODUCTS_DIR; };
		5EC92F1E1FD63318009E6036 /* clumsy.cpp */ = {isa = PBXFileReference; lastKnownFileType = sourcecode.cpp.cpp; path = clumsy.cpp; sourceTree = "<group>"; };
		5EC92F251FD634B5009E6036 /* clumsy.in */ = {isa = PBXFileReference; fileEncoding = 4; lastKnownFileType = text; path = clumsy.in; sourceTree = "<group>"; };
		5EC92F261FD634BB009E6036 /* clumsy.out */ = {isa = PBXFileReference; fileEncoding = 4; lastKnownFileType = text; path = clumsy.out; sourceTree = "<group>"; };
/* End PBXFileReference section */

/* Begin PBXFrameworksBuildPhase section */
		5EC92F181FD63318009E6036 /* Frameworks */ = {
			isa = PBXFrameworksBuildPhase;
			buildActionMask = 2147483647;
			files = (
			);
			runOnlyForDeploymentPostprocessing = 0;
		};
/* End PBXFrameworksBuildPhase section */

/* Begin PBXGroup section */
		5EC92F121FD63317009E6036 = {
			isa = PBXGroup;
			children = (
				5EC92F1D1FD63318009E6036 /* clumsy */,
				5EC92F1C1FD63318009E6036 /* Products */,
			);
			sourceTree = "<group>";
		};
		5EC92F1C1FD63318009E6036 /* Products */ = {
			isa = PBXGroup;
			children = (
				5EC92F1B1FD63318009E6036 /* clumsy */,
			);
			name = Products;
			sourceTree = "<group>";
		};
		5EC92F1D1FD63318009E6036 /* clumsy */ = {
			isa = PBXGroup;
			children = (
				5EC92F1E1FD63318009E6036 /* clumsy.cpp */,
				5EC92F251FD634B5009E6036 /* clumsy.in */,
				5EC92F261FD634BB009E6036 /* clumsy.out */,
			);
			path = clumsy;
			sourceTree = "<group>";
		};
/* End PBXGroup section */

/* Begin PBXNativeTarget section */
		5EC92F1A1FD63318009E6036 /* clumsy */ = {
			isa = PBXNativeTarget;
			buildConfigurationList = 5EC92F221FD63318009E6036 /* Build configuration list for PBXNativeTarget "clumsy" */;
			buildPhases = (
				5EC92F171FD63318009E6036 /* Sources */,
				5EC92F181FD63318009E6036 /* Frameworks */,
				5EC92F191FD63318009E6036 /* CopyFiles */,
			);
			buildRules = (
			);
			dependencies = (
			);
			name = clumsy;
			productName = clumsy;
			productReference = 5EC92F1B1FD63318009E6036 /* clumsy */;
			productType = "com.apple.product-type.tool";
		};
/* End PBXNativeTarget section */

/* Begin PBXProject section */
		5EC92F131FD63317009E6036 /* Project object */ = {
			isa = PBXProject;
			attributes = {
				LastUpgradeCheck = 0710;
				ORGANIZATIONNAME = MaxYuan;
				TargetAttributes = {
					5EC92F1A1FD63318009E6036 = {
						CreatedOnToolsVersion = 7.1.1;
					};
				};
			};
			buildConfigurationList = 5EC92F161FD63317009E6036 /* Build configuration list for PBXProject "clumsy" */;
			compatibilityVersion = "Xcode 3.2";
			developmentRegion = English;
			hasScannedForEncodings = 0;
			knownRegions = (
				en,
			);
			mainGroup = 5EC92F121FD63317009E6036;
			productRefGroup = 5EC92F1C1FD63318009E6036 /* Products */;
			projectDirPath = "";
			projectRoot = "";
			targets = (
				5EC92F1A1FD63318009E6036 /* clumsy */,
			);
		};
/* End PBXProject section */

/* Begin PBXSourcesBuildPhase section */
		5EC92F171FD63318009E6036 /* Sources */ = {
			isa = PBXSourcesBuildPhase;
			buildActionMask = 2147483647;
			files = (
				5EC92F1F1FD63318009E6036 /* clumsy.cpp in Sources */,
			);
			runOnlyForDeploymentPostprocessing = 0;
		};
/* End PBXSourcesBuildPhase section */

/* Begin XCBuildConfiguration section */
		5EC92F201FD63318009E6036 /* Debug */ = {
			isa = XCBuildConfiguration;
			buildSettings = {
				ALWAYS_SEARCH_USER_PATHS = NO;
				CLANG_CXX_LANGUAGE_STANDARD = "gnu++0x";
				CLANG_CXX_LIBRARY = "libc++";
				CLANG_ENABLE_MODULES = YES;
				CLANG_ENABLE_OBJC_ARC = YES;
				CLANG_WARN_BOOL_CONVERSION = YES;
				CLANG_WARN_CONSTANT_CONVERSION = YES;
				CLANG_WARN_DIRECT_OBJC_ISA_USAGE = YES_ERROR;
				CLANG_WARN_EMPTY_BODY = YES;
				CLANG_WARN_ENUM_CONVERSION = YES;
				CLANG_WARN_INT_CONVERSION = YES;
				CLANG_WARN_OBJC_ROOT_CLASS = YES_ERROR;
				CLANG_WARN_UNREACHABLE_CODE = YES;
				CLANG_WARN__DUPLICATE_METHOD_MATCH = YES;
				CODE_SIGN_IDENTITY = "-";
				COPY_PHASE_STRIP = NO;
				DEBUG_INFORMATION_FORMAT = dwarf;
				ENABLE_STRICT_OBJC_MSGSEND = YES;
				ENABLE_TESTABILITY = YES;
				GCC_C_LANGUAGE_STANDARD = gnu99;
				GCC_DYNAMIC_NO_PIC = NO;
				GCC_NO_COMMON_BLOCKS = YES;
				GCC_OPTIMIZATION_LEVEL = 0;
				GCC_PREPROCESSOR_DEFINITIONS = (
					"DEBUG=1",
					"$(inherited)",
				);
				GCC_WARN_64_TO_32_BIT_CONVERSION = YES;
				GCC_WARN_ABOUT_RETURN_TYPE = YES_ERROR;
				GCC_WARN_UNDECLARED_SELECTOR = YES;
				GCC_WARN_UNINITIALIZED_AUTOS = YES_AGGRESSIVE;
				GCC_WARN_UNUSED_FUNCTION = YES;
				GCC_WARN_UNUSED_VARIABLE = YES;
				MACOSX_DEPLOYMENT_TARGET = 10.13;
				MTL_ENABLE_DEBUG_INFO = YES;
				ONLY_ACTIVE_ARCH = YES;
				SDKROOT = macosx;
			};
			name = Debug;
		};
		5EC92F211FD63318009E6036 /* Release */ = {
			isa = XCBuildConfiguration;
			buildSettings = {
				ALWAYS_SEARCH_USER_PATHS = NO;
				CLANG_CXX_LANGUAGE_STANDARD = "gnu++0x";
				CLANG_CXX_LIBRARY = "libc++";
				CLANG_ENABLE_MODULES = YES;
				CLANG_ENABLE_OBJC_ARC = YES;
				CLANG_WARN_BOOL_CONVERSION = YES;
				CLANG_WARN_CONSTANT_CONVERSION = YES;
				CLANG_WARN_DIRECT_OBJC_ISA_USAGE = YES_ERROR;
				CLANG_WARN_EMPTY_BODY = YES;
				CLANG_WARN_ENUM_CONVERSION = YES;
				CLANG_WARN_INT_CONVERSION = YES;
				CLANG_WARN_OBJC_ROOT_CLASS = YES_ERROR;
				CLANG_WARN_UNREACHABLE_CODE = YES;
				CLANG_WARN__DUPLICATE_METHOD_MATCH = YES;
				CODE_SIGN_IDENTITY = "-";
				COPY_PHASE_STRIP = NO;
				DEBUG_INFORMATION_FORMAT = "dwarf-with-dsym";
				ENABLE_NS_ASSERTIONS = NO;
				ENABLE_STRICT_OBJC_MSGSEND = YES;
				GCC_C_LANGUAGE_STANDARD = gnu99;
				GCC_NO_COMMON_BLOCKS = YES;
				GCC_WARN_64_TO_32_BIT_CONVERSION = YES;
				GCC_WARN_ABOUT_RETURN_TYPE = YES_ERROR;
				GCC_WARN_UNDECLARED_SELECTOR = YES;
				GCC_WARN_UNINITIALIZED_AUTOS = YES_AGGRESSIVE;
				GCC_WARN_UNUSED_FUNCTION = YES;
				GCC_WARN_UNUSED_VARIABLE = YES;
				MACOSX_DEPLOYMENT_TARGET = 10.13;
				MTL_ENABLE_DEBUG_INFO = NO;
				SDKROOT = macosx;
			};
			name = Release;
		};
		5EC92F231FD63318009E6036 /* Debug */ = {
			isa = XCBuildConfiguration;
			buildSettings = {
				PRODUCT_NAME = "$(TARGET_NAME)";
			};
			name = Debug;
		};
		5EC92F241FD63318009E6036 /* Release */ = {
			isa = XCBuildConfiguration;
			buildSettings = {
				PRODUCT_NAME = "$(TARGET_NAME)";
			};
			name = Release;
		};
/* End XCBuildConfiguration section */

/* Begin XCConfigurationList section */
		5EC92F161FD63317009E6036 /* Build configuration list for PBXProject "clumsy" */ = {
			isa = XCConfigurationList;
			buildConfigurations = (
				5EC92F201FD63318009E6036 /* Debug */,
				5EC92F211FD63318009E6036 /* Release */,
			);
			defaultConfigurationIsVisible = 0;
			defaultConfigurationName = Release;
		};
		5EC92F221FD63318009E6036 /* Build configuration list for PBXNativeTarget "clumsy" */ = {
			isa = XCConfigurationList;
			buildConfigurations = (
				5EC92F231FD63318009E6036 /* Debug */,
				5EC92F241FD63318009E6036 /* Release */,
			);
			defaultConfigurationIsVisible = 0;
		};
/* End XCConfigurationList section */
	};
	rootObject = 5EC92F131FD63317009E6036 /* Project object */;
}
