// !$*UTF8*$!
{
	archiveVersion = 1;
	classes = {
	};
	objectVersion = 46;
	objects = {

/* Begin PBXBuildFile section */
		5E09EDBD1F13E1A600CEFBBF /* delivery.cpp in Sources */ = {isa = PBXBuildFile; fileRef = 5E09EDBC1F13E1A600CEFBBF /* delivery.cpp */; };
/* End PBXBuildFile section */

/* Begin PBXCopyFilesBuildPhase section */
		5E09EDB71F13E1A600CEFBBF /* CopyFiles */ = {
			isa = PBXCopyFilesBuildPhase;
			buildActionMask = 2147483647;
			dstPath = /usr/share/man/man1/;
			dstSubfolderSpec = 0;
			files = (
			);
			runOnlyForDeploymentPostprocessing = 1;
		};
/* End PBXCopyFilesBuildPhase section */

/* Begin PBXFileReference section */
		5E09EDB91F13E1A600CEFBBF /* delivery */ = {isa = PBXFileReference; explicitFileType = "compiled.mach-o.executable"; includeInIndex = 0; path = delivery; sourceTree = BUILT_PRODUCTS_DIR; };
		5E09EDBC1F13E1A600CEFBBF /* delivery.cpp */ = {isa = PBXFileReference; lastKnownFileType = sourcecode.cpp.cpp; path = delivery.cpp; sourceTree = "<group>"; };
/* End PBXFileReference section */

/* Begin PBXFrameworksBuildPhase section */
		5E09EDB61F13E1A600CEFBBF /* Frameworks */ = {
			isa = PBXFrameworksBuildPhase;
			buildActionMask = 2147483647;
			files = (
			);
			runOnlyForDeploymentPostprocessing = 0;
		};
/* End PBXFrameworksBuildPhase section */

/* Begin PBXGroup section */
		5E09EDB01F13E1A600CEFBBF = {
			isa = PBXGroup;
			children = (
				5E09EDBB1F13E1A600CEFBBF /* delivery */,
				5E09EDBA1F13E1A600CEFBBF /* Products */,
			);
			sourceTree = "<group>";
		};
		5E09EDBA1F13E1A600CEFBBF /* Products */ = {
			isa = PBXGroup;
			children = (
				5E09EDB91F13E1A600CEFBBF /* delivery */,
			);
			name = Products;
			sourceTree = "<group>";
		};
		5E09EDBB1F13E1A600CEFBBF /* delivery */ = {
			isa = PBXGroup;
			children = (
				5E09EDBC1F13E1A600CEFBBF /* delivery.cpp */,
			);
			path = delivery;
			sourceTree = "<group>";
		};
/* End PBXGroup section */

/* Begin PBXNativeTarget section */
		5E09EDB81F13E1A600CEFBBF /* delivery */ = {
			isa = PBXNativeTarget;
			buildConfigurationList = 5E09EDC01F13E1A600CEFBBF /* Build configuration list for PBXNativeTarget "delivery" */;
			buildPhases = (
				5E09EDB51F13E1A600CEFBBF /* Sources */,
				5E09EDB61F13E1A600CEFBBF /* Frameworks */,
				5E09EDB71F13E1A600CEFBBF /* CopyFiles */,
			);
			buildRules = (
			);
			dependencies = (
			);
			name = delivery;
			productName = delivery;
			productReference = 5E09EDB91F13E1A600CEFBBF /* delivery */;
			productType = "com.apple.product-type.tool";
		};
/* End PBXNativeTarget section */

/* Begin PBXProject section */
		5E09EDB11F13E1A600CEFBBF /* Project object */ = {
			isa = PBXProject;
			attributes = {
				LastUpgradeCheck = 0710;
				ORGANIZATIONNAME = MaxYuan;
				TargetAttributes = {
					5E09EDB81F13E1A600CEFBBF = {
						CreatedOnToolsVersion = 7.1.1;
					};
				};
			};
			buildConfigurationList = 5E09EDB41F13E1A600CEFBBF /* Build configuration list for PBXProject "delivery" */;
			compatibilityVersion = "Xcode 3.2";
			developmentRegion = English;
			hasScannedForEncodings = 0;
			knownRegions = (
				en,
			);
			mainGroup = 5E09EDB01F13E1A600CEFBBF;
			productRefGroup = 5E09EDBA1F13E1A600CEFBBF /* Products */;
			projectDirPath = "";
			projectRoot = "";
			targets = (
				5E09EDB81F13E1A600CEFBBF /* delivery */,
			);
		};
/* End PBXProject section */

/* Begin PBXSourcesBuildPhase section */
		5E09EDB51F13E1A600CEFBBF /* Sources */ = {
			isa = PBXSourcesBuildPhase;
			buildActionMask = 2147483647;
			files = (
				5E09EDBD1F13E1A600CEFBBF /* delivery.cpp in Sources */,
			);
			runOnlyForDeploymentPostprocessing = 0;
		};
/* End PBXSourcesBuildPhase section */

/* Begin XCBuildConfiguration section */
		5E09EDBE1F13E1A600CEFBBF /* Debug */ = {
			isa = XCBuildConfiguration;
			buildSettings = {
				ALWAYS_SEARCH_USER_PATHS = NO;
				CLANG_CXX_LANGUAGE_STANDARD = "gnu++0x";
				CLANG_CXX_LIBRARY = "libc++";
				CLANG_ENABLE_MODULES = YES;
				CLANG_ENABLE_OBJC_ARC = YES;
				CLANG_WARN_BOOL_CONVERSION = YES;
				CLANG_WARN_CONSTANT_CONVERSION = YES;
				CLANG_WARN_DIRECT_OBJC_ISA_USAGE = YES_ERROR;
				CLANG_WARN_EMPTY_BODY = YES;
				CLANG_WARN_ENUM_CONVERSION = YES;
				CLANG_WARN_INT_CONVERSION = YES;
				CLANG_WARN_OBJC_ROOT_CLASS = YES_ERROR;
				CLANG_WARN_UNREACHABLE_CODE = YES;
				CLANG_WARN__DUPLICATE_METHOD_MATCH = YES;
				CODE_SIGN_IDENTITY = "-";
				COPY_PHASE_STRIP = NO;
				DEBUG_INFORMATION_FORMAT = dwarf;
				ENABLE_STRICT_OBJC_MSGSEND = YES;
				ENABLE_TESTABILITY = YES;
				GCC_C_LANGUAGE_STANDARD = gnu99;
				GCC_DYNAMIC_NO_PIC = NO;
				GCC_NO_COMMON_BLOCKS = YES;
				GCC_OPTIMIZATION_LEVEL = 0;
				GCC_PREPROCESSOR_DEFINITIONS = (
					"DEBUG=1",
					"$(inherited)",
				);
				GCC_WARN_64_TO_32_BIT_CONVERSION = YES;
				GCC_WARN_ABOUT_RETURN_TYPE = YES_ERROR;
				GCC_WARN_UNDECLARED_SELECTOR = YES;
				GCC_WARN_UNINITIALIZED_AUTOS = YES_AGGRESSIVE;
				GCC_WARN_UNUSED_FUNCTION = YES;
				GCC_WARN_UNUSED_VARIABLE = YES;
				MACOSX_DEPLOYMENT_TARGET = 10.10;
				MTL_ENABLE_DEBUG_INFO = YES;
				ONLY_ACTIVE_ARCH = YES;
				SDKROOT = macosx;
			};
			name = Debug;
		};
		5E09EDBF1F13E1A600CEFBBF /* Release */ = {
			isa = XCBuildConfiguration;
			buildSettings = {
				ALWAYS_SEARCH_USER_PATHS = NO;
				CLANG_CXX_LANGUAGE_STANDARD = "gnu++0x";
				CLANG_CXX_LIBRARY = "libc++";
				CLANG_ENABLE_MODULES = YES;
				CLANG_ENABLE_OBJC_ARC = YES;
				CLANG_WARN_BOOL_CONVERSION = YES;
				CLANG_WARN_CONSTANT_CONVERSION = YES;
				CLANG_WARN_DIRECT_OBJC_ISA_USAGE = YES_ERROR;
				CLANG_WARN_EMPTY_BODY = YES;
				CLANG_WARN_ENUM_CONVERSION = YES;
				CLANG_WARN_INT_CONVERSION = YES;
				CLANG_WARN_OBJC_ROOT_CLASS = YES_ERROR;
				CLANG_WARN_UNREACHABLE_CODE = YES;
				CLANG_WARN__DUPLICATE_METHOD_MATCH = YES;
				CODE_SIGN_IDENTITY = "-";
				COPY_PHASE_STRIP = NO;
				DEBUG_INFORMATION_FORMAT = "dwarf-with-dsym";
				ENABLE_NS_ASSERTIONS = NO;
				ENABLE_STRICT_OBJC_MSGSEND = YES;
				GCC_C_LANGUAGE_STANDARD = gnu99;
				GCC_NO_COMMON_BLOCKS = YES;
				GCC_WARN_64_TO_32_BIT_CONVERSION = YES;
				GCC_WARN_ABOUT_RETURN_TYPE = YES_ERROR;
				GCC_WARN_UNDECLARED_SELECTOR = YES;
				GCC_WARN_UNINITIALIZED_AUTOS = YES_AGGRESSIVE;
				GCC_WARN_UNUSED_FUNCTION = YES;
				GCC_WARN_UNUSED_VARIABLE = YES;
				MACOSX_DEPLOYMENT_TARGET = 10.10;
				MTL_ENABLE_DEBUG_INFO = NO;
				SDKROOT = macosx;
			};
			name = Release;
		};
		5E09EDC11F13E1A600CEFBBF /* Debug */ = {
			isa = XCBuildConfiguration;
			buildSettings = {
				PRODUCT_NAME = "$(TARGET_NAME)";
			};
			name = Debug;
		};
		5E09EDC21F13E1A600CEFBBF /* Release */ = {
			isa = XCBuildConfiguration;
			buildSettings = {
				PRODUCT_NAME = "$(TARGET_NAME)";
			};
			name = Release;
		};
/* End XCBuildConfiguration section */

/* Begin XCConfigurationList section */
		5E09EDB41F13E1A600CEFBBF /* Build configuration list for PBXProject "delivery" */ = {
			isa = XCConfigurationList;
			buildConfigurations = (
				5E09EDBE1F13E1A600CEFBBF /* Debug */,
				5E09EDBF1F13E1A600CEFBBF /* Release */,
			);
			defaultConfigurationIsVisible = 0;
			defaultConfigurationName = Release;
		};
		5E09EDC01F13E1A600CEFBBF /* Build configuration list for PBXNativeTarget "delivery" */ = {
			isa = XCConfigurationList;
			buildConfigurations = (
				5E09EDC11F13E1A600CEFBBF /* Debug */,
				5E09EDC21F13E1A600CEFBBF /* Release */,
			);
			defaultConfigurationIsVisible = 0;
		};
/* End XCConfigurationList section */
	};
	rootObject = 5E09EDB11F13E1A600CEFBBF /* Project object */;
}
