// !$*UTF8*$!
{
	archiveVersion = 1;
	classes = {
	};
	objectVersion = 46;
	objects = {

/* Begin PBXBuildFile section */
		5EC92F341FD64AF1009E6036 /* bbreeds.cpp in Sources */ = {isa = PBXBuildFile; fileRef = 5EC92F331FD64AF1009E6036 /* bbreeds.cpp */; };
/* End PBXBuildFile section */

/* Begin PBXCopyFilesBuildPhase section */
		5EC92F2E1FD64AF1009E6036 /* CopyFiles */ = {
			isa = PBXCopyFilesBuildPhase;
			buildActionMask = 2147483647;
			dstPath = /usr/share/man/man1/;
			dstSubfolderSpec = 0;
			files = (
			);
			runOnlyForDeploymentPostprocessing = 1;
		};
/* End PBXCopyFilesBuildPhase section */

/* Begin PBXFileReference section */
		5EC92F301FD64AF1009E6036 /* bbreed */ = {isa = PBXFileReference; explicitFileType = "compiled.mach-o.executable"; includeInIndex = 0; path = bbreed; sourceTree = BUILT_PRODUCTS_DIR; };
		5EC92F331FD64AF1009E6036 /* bbreeds.cpp */ = {isa = PBXFileReference; lastKnownFileType = sourcecode.cpp.cpp; path = bbreeds.cpp; sourceTree = "<group>"; };
		5EC92F3A1FD64EF1009E6036 /* bbreeds.in */ = {isa = PBXFileReference; fileEncoding = 4; lastKnownFileType = text; path = bbreeds.in; sourceTree = "<group>"; };
		5EC92F3B1FD64EF6009E6036 /* bbreeds.out */ = {isa = PBXFileReference; fileEncoding = 4; lastKnownFileType = text; path = bbreeds.out; sourceTree = "<group>"; };
/* End PBXFileReference section */

/* Begin PBXFrameworksBuildPhase section */
		5EC92F2D1FD64AF1009E6036 /* Frameworks */ = {
			isa = PBXFrameworksBuildPhase;
			buildActionMask = 2147483647;
			files = (
			);
			runOnlyForDeploymentPostprocessing = 0;
		};
/* End PBXFrameworksBuildPhase section */

/* Begin PBXGroup section */
		5EC92F271FD64AF1009E6036 = {
			isa = PBXGroup;
			children = (
				5EC92F321FD64AF1009E6036 /* bbreed */,
				5EC92F311FD64AF1009E6036 /* Products */,
			);
			sourceTree = "<group>";
		};
		5EC92F311FD64AF1009E6036 /* Products */ = {
			isa = PBXGroup;
			children = (
				5EC92F301FD64AF1009E6036 /* bbreed */,
			);
			name = Products;
			sourceTree = "<group>";
		};
		5EC92F321FD64AF1009E6036 /* bbreed */ = {
			isa = PBXGroup;
			children = (
				5EC92F331FD64AF1009E6036 /* bbreeds.cpp */,
				5EC92F3A1FD64EF1009E6036 /* bbreeds.in */,
				5EC92F3B1FD64EF6009E6036 /* bbreeds.out */,
			);
			path = bbreed;
			sourceTree = "<group>";
		};
/* End PBXGroup section */

/* Begin PBXNativeTarget section */
		5EC92F2F1FD64AF1009E6036 /* bbreed */ = {
			isa = PBXNativeTarget;
			buildConfigurationList = 5EC92F371FD64AF1009E6036 /* Build configuration list for PBXNativeTarget "bbreed" */;
			buildPhases = (
				5EC92F2C1FD64AF1009E6036 /* Sources */,
				5EC92F2D1FD64AF1009E6036 /* Frameworks */,
				5EC92F2E1FD64AF1009E6036 /* CopyFiles */,
			);
			buildRules = (
			);
			dependencies = (
			);
			name = bbreed;
			productName = bbreed;
			productReference = 5EC92F301FD64AF1009E6036 /* bbreed */;
			productType = "com.apple.product-type.tool";
		};
/* End PBXNativeTarget section */

/* Begin PBXProject section */
		5EC92F281FD64AF1009E6036 /* Project object */ = {
			isa = PBXProject;
			attributes = {
				LastUpgradeCheck = 0710;
				ORGANIZATIONNAME = MaxYuan;
				TargetAttributes = {
					5EC92F2F1FD64AF1009E6036 = {
						CreatedOnToolsVersion = 7.1.1;
					};
				};
			};
			buildConfigurationList = 5EC92F2B1FD64AF1009E6036 /* Build configuration list for PBXProject "bbreed" */;
			compatibilityVersion = "Xcode 3.2";
			developmentRegion = English;
			hasScannedForEncodings = 0;
			knownRegions = (
				en,
			);
			mainGroup = 5EC92F271FD64AF1009E6036;
			productRefGroup = 5EC92F311FD64AF1009E6036 /* Products */;
			projectDirPath = "";
			projectRoot = "";
			targets = (
				5EC92F2F1FD64AF1009E6036 /* bbreed */,
			);
		};
/* End PBXProject section */

/* Begin PBXSourcesBuildPhase section */
		5EC92F2C1FD64AF1009E6036 /* Sources */ = {
			isa = PBXSourcesBuildPhase;
			buildActionMask = 2147483647;
			files = (
				5EC92F341FD64AF1009E6036 /* bbreeds.cpp in Sources */,
			);
			runOnlyForDeploymentPostprocessing = 0;
		};
/* End PBXSourcesBuildPhase section */

/* Begin XCBuildConfiguration section */
		5EC92F351FD64AF1009E6036 /* Debug */ = {
			isa = XCBuildConfiguration;
			buildSettings = {
				ALWAYS_SEARCH_USER_PATHS = NO;
				CLANG_CXX_LANGUAGE_STANDARD = "gnu++0x";
				CLANG_CXX_LIBRARY = "libc++";
				CLANG_ENABLE_MODULES = YES;
				CLANG_ENABLE_OBJC_ARC = YES;
				CLANG_WARN_BOOL_CONVERSION = YES;
				CLANG_WARN_CONSTANT_CONVERSION = YES;
				CLANG_WARN_DIRECT_OBJC_ISA_USAGE = YES_ERROR;
				CLANG_WARN_EMPTY_BODY = YES;
				CLANG_WARN_ENUM_CONVERSION = YES;
				CLANG_WARN_INT_CONVERSION = YES;
				CLANG_WARN_OBJC_ROOT_CLASS = YES_ERROR;
				CLANG_WARN_UNREACHABLE_CODE = YES;
				CLANG_WARN__DUPLICATE_METHOD_MATCH = YES;
				CODE_SIGN_IDENTITY = "-";
				COPY_PHASE_STRIP = NO;
				DEBUG_INFORMATION_FORMAT = dwarf;
				ENABLE_STRICT_OBJC_MSGSEND = YES;
				ENABLE_TESTABILITY = YES;
				GCC_C_LANGUAGE_STANDARD = gnu99;
				GCC_DYNAMIC_NO_PIC = NO;
				GCC_NO_COMMON_BLOCKS = YES;
				GCC_OPTIMIZATION_LEVEL = 0;
				GCC_PREPROCESSOR_DEFINITIONS = (
					"DEBUG=1",
					"$(inherited)",
				);
				GCC_WARN_64_TO_32_BIT_CONVERSION = YES;
				GCC_WARN_ABOUT_RETURN_TYPE = YES_ERROR;
				GCC_WARN_UNDECLARED_SELECTOR = YES;
				GCC_WARN_UNINITIALIZED_AUTOS = YES_AGGRESSIVE;
				GCC_WARN_UNUSED_FUNCTION = YES;
				GCC_WARN_UNUSED_VARIABLE = YES;
				MACOSX_DEPLOYMENT_TARGET = 10.13;
				MTL_ENABLE_DEBUG_INFO = YES;
				ONLY_ACTIVE_ARCH = YES;
				SDKROOT = macosx;
			};
			name = Debug;
		};
		5EC92F361FD64AF1009E6036 /* Release */ = {
			isa = XCBuildConfiguration;
			buildSettings = {
				ALWAYS_SEARCH_USER_PATHS = NO;
				CLANG_CXX_LANGUAGE_STANDARD = "gnu++0x";
				CLANG_CXX_LIBRARY = "libc++";
				CLANG_ENABLE_MODULES = YES;
				CLANG_ENABLE_OBJC_ARC = YES;
				CLANG_WARN_BOOL_CONVERSION = YES;
				CLANG_WARN_CONSTANT_CONVERSION = YES;
				CLANG_WARN_DIRECT_OBJC_ISA_USAGE = YES_ERROR;
				CLANG_WARN_EMPTY_BODY = YES;
				CLANG_WARN_ENUM_CONVERSION = YES;
				CLANG_WARN_INT_CONVERSION = YES;
				CLANG_WARN_OBJC_ROOT_CLASS = YES_ERROR;
				CLANG_WARN_UNREACHABLE_CODE = YES;
				CLANG_WARN__DUPLICATE_METHOD_MATCH = YES;
				CODE_SIGN_IDENTITY = "-";
				COPY_PHASE_STRIP = NO;
				DEBUG_INFORMATION_FORMAT = "dwarf-with-dsym";
				ENABLE_NS_ASSERTIONS = NO;
				ENABLE_STRICT_OBJC_MSGSEND = YES;
				GCC_C_LANGUAGE_STANDARD = gnu99;
				GCC_NO_COMMON_BLOCKS = YES;
				GCC_WARN_64_TO_32_BIT_CONVERSION = YES;
				GCC_WARN_ABOUT_RETURN_TYPE = YES_ERROR;
				GCC_WARN_UNDECLARED_SELECTOR = YES;
				GCC_WARN_UNINITIALIZED_AUTOS = YES_AGGRESSIVE;
				GCC_WARN_UNUSED_FUNCTION = YES;
				GCC_WARN_UNUSED_VARIABLE = YES;
				MACOSX_DEPLOYMENT_TARGET = 10.13;
				MTL_ENABLE_DEBUG_INFO = NO;
				SDKROOT = macosx;
			};
			name = Release;
		};
		5EC92F381FD64AF1009E6036 /* Debug */ = {
			isa = XCBuildConfiguration;
			buildSettings = {
				PRODUCT_NAME = "$(TARGET_NAME)";
			};
			name = Debug;
		};
		5EC92F391FD64AF1009E6036 /* Release */ = {
			isa = XCBuildConfiguration;
			buildSettings = {
				PRODUCT_NAME = "$(TARGET_NAME)";
			};
			name = Release;
		};
/* End XCBuildConfiguration section */

/* Begin XCConfigurationList section */
		5EC92F2B1FD64AF1009E6036 /* Build configuration list for PBXProject "bbreed" */ = {
			isa = XCConfigurationList;
			buildConfigurations = (
				5EC92F351FD64AF1009E6036 /* Debug */,
				5EC92F361FD64AF1009E6036 /* Release */,
			);
			defaultConfigurationIsVisible = 0;
			defaultConfigurationName = Release;
		};
		5EC92F371FD64AF1009E6036 /* Build configuration list for PBXNativeTarget "bbreed" */ = {
			isa = XCConfigurationList;
			buildConfigurations = (
				5EC92F381FD64AF1009E6036 /* Debug */,
				5EC92F391FD64AF1009E6036 /* Release */,
			);
			defaultConfigurationIsVisible = 0;
		};
/* End XCConfigurationList section */
	};
	rootObject = 5EC92F281FD64AF1009E6036 /* Project object */;
}
