// !$*UTF8*$!
{
	archiveVersion = 1;
	classes = {
	};
	objectVersion = 46;
	objects = {

/* Begin PBXBuildFile section */
		5EEFDB8E1EFEC62600788543 /* fc.cpp in Sources */ = {isa = PBXBuildFile; fileRef = 5EEFDB8D1EFEC62600788543 /* fc.cpp */; };
/* End PBXBuildFile section */

/* Begin PBXCopyFilesBuildPhase section */
		5EEFDB881EFEC62600788543 /* CopyFiles */ = {
			isa = PBXCopyFilesBuildPhase;
			buildActionMask = 2147483647;
			dstPath = /usr/share/man/man1/;
			dstSubfolderSpec = 0;
			files = (
			);
			runOnlyForDeploymentPostprocessing = 1;
		};
/* End PBXCopyFilesBuildPhase section */

/* Begin PBXFileReference section */
		5EEFDB8A1EFEC62600788543 /* fc */ = {isa = PBXFileReference; explicitFileType = "compiled.mach-o.executable"; includeInIndex = 0; path = fc; sourceTree = BUILT_PRODUCTS_DIR; };
		5EEFDB8D1EFEC62600788543 /* fc.cpp */ = {isa = PBXFileReference; lastKnownFileType = sourcecode.cpp.cpp; path = fc.cpp; sourceTree = "<group>"; };
		5EEFDB941EFEC64B00788543 /* fc.in */ = {isa = PBXFileReference; fileEncoding = 4; lastKnownFileType = text; path = fc.in; sourceTree = "<group>"; };
		5EEFDB951EFED5EE00788543 /* fc.out */ = {isa = PBXFileReference; fileEncoding = 4; lastKnownFileType = text; path = fc.out; sourceTree = "<group>"; };
/* End PBXFileReference section */

/* Begin PBXFrameworksBuildPhase section */
		5EEFDB871EFEC62600788543 /* Frameworks */ = {
			isa = PBXFrameworksBuildPhase;
			buildActionMask = 2147483647;
			files = (
			);
			runOnlyForDeploymentPostprocessing = 0;
		};
/* End PBXFrameworksBuildPhase section */

/* Begin PBXGroup section */
		5EEFDB811EFEC62600788543 = {
			isa = PBXGroup;
			children = (
				5EEFDB8C1EFEC62600788543 /* fc */,
				5EEFDB8B1EFEC62600788543 /* Products */,
			);
			sourceTree = "<group>";
		};
		5EEFDB8B1EFEC62600788543 /* Products */ = {
			isa = PBXGroup;
			children = (
				5EEFDB8A1EFEC62600788543 /* fc */,
			);
			name = Products;
			sourceTree = "<group>";
		};
		5EEFDB8C1EFEC62600788543 /* fc */ = {
			isa = PBXGroup;
			children = (
				5EEFDB8D1EFEC62600788543 /* fc.cpp */,
				5EEFDB951EFED5EE00788543 /* fc.out */,
				5EEFDB941EFEC64B00788543 /* fc.in */,
			);
			path = fc;
			sourceTree = "<group>";
		};
/* End PBXGroup section */

/* Begin PBXNativeTarget section */
		5EEFDB891EFEC62600788543 /* fc */ = {
			isa = PBXNativeTarget;
			buildConfigurationList = 5EEFDB911EFEC62600788543 /* Build configuration list for PBXNativeTarget "fc" */;
			buildPhases = (
				5EEFDB861EFEC62600788543 /* Sources */,
				5EEFDB871EFEC62600788543 /* Frameworks */,
				5EEFDB881EFEC62600788543 /* CopyFiles */,
			);
			buildRules = (
			);
			dependencies = (
			);
			name = fc;
			productName = fc;
			productReference = 5EEFDB8A1EFEC62600788543 /* fc */;
			productType = "com.apple.product-type.tool";
		};
/* End PBXNativeTarget section */

/* Begin PBXProject section */
		5EEFDB821EFEC62600788543 /* Project object */ = {
			isa = PBXProject;
			attributes = {
				LastUpgradeCheck = 0710;
				ORGANIZATIONNAME = MaxYuan;
				TargetAttributes = {
					5EEFDB891EFEC62600788543 = {
						CreatedOnToolsVersion = 7.1.1;
					};
				};
			};
			buildConfigurationList = 5EEFDB851EFEC62600788543 /* Build configuration list for PBXProject "fc" */;
			compatibilityVersion = "Xcode 3.2";
			developmentRegion = English;
			hasScannedForEncodings = 0;
			knownRegions = (
				en,
			);
			mainGroup = 5EEFDB811EFEC62600788543;
			productRefGroup = 5EEFDB8B1EFEC62600788543 /* Products */;
			projectDirPath = "";
			projectRoot = "";
			targets = (
				5EEFDB891EFEC62600788543 /* fc */,
			);
		};
/* End PBXProject section */

/* Begin PBXSourcesBuildPhase section */
		5EEFDB861EFEC62600788543 /* Sources */ = {
			isa = PBXSourcesBuildPhase;
			buildActionMask = 2147483647;
			files = (
				5EEFDB8E1EFEC62600788543 /* fc.cpp in Sources */,
			);
			runOnlyForDeploymentPostprocessing = 0;
		};
/* End PBXSourcesBuildPhase section */

/* Begin XCBuildConfiguration section */
		5EEFDB8F1EFEC62600788543 /* Debug */ = {
			isa = XCBuildConfiguration;
			buildSettings = {
				ALWAYS_SEARCH_USER_PATHS = NO;
				CLANG_CXX_LANGUAGE_STANDARD = "gnu++0x";
				CLANG_CXX_LIBRARY = "libc++";
				CLANG_ENABLE_MODULES = YES;
				CLANG_ENABLE_OBJC_ARC = YES;
				CLANG_WARN_BOOL_CONVERSION = YES;
				CLANG_WARN_CONSTANT_CONVERSION = YES;
				CLANG_WARN_DIRECT_OBJC_ISA_USAGE = YES_ERROR;
				CLANG_WARN_EMPTY_BODY = YES;
				CLANG_WARN_ENUM_CONVERSION = YES;
				CLANG_WARN_INT_CONVERSION = YES;
				CLANG_WARN_OBJC_ROOT_CLASS = YES_ERROR;
				CLANG_WARN_UNREACHABLE_CODE = YES;
				CLANG_WARN__DUPLICATE_METHOD_MATCH = YES;
				CODE_SIGN_IDENTITY = "-";
				COPY_PHASE_STRIP = NO;
				DEBUG_INFORMATION_FORMAT = dwarf;
				ENABLE_STRICT_OBJC_MSGSEND = YES;
				ENABLE_TESTABILITY = YES;
				GCC_C_LANGUAGE_STANDARD = gnu99;
				GCC_DYNAMIC_NO_PIC = NO;
				GCC_NO_COMMON_BLOCKS = YES;
				GCC_OPTIMIZATION_LEVEL = 0;
				GCC_PREPROCESSOR_DEFINITIONS = (
					"DEBUG=1",
					"$(inherited)",
				);
				GCC_WARN_64_TO_32_BIT_CONVERSION = YES;
				GCC_WARN_ABOUT_RETURN_TYPE = YES_ERROR;
				GCC_WARN_UNDECLARED_SELECTOR = YES;
				GCC_WARN_UNINITIALIZED_AUTOS = YES_AGGRESSIVE;
				GCC_WARN_UNUSED_FUNCTION = YES;
				GCC_WARN_UNUSED_VARIABLE = YES;
				MACOSX_DEPLOYMENT_TARGET = 10.10;
				MTL_ENABLE_DEBUG_INFO = YES;
				ONLY_ACTIVE_ARCH = YES;
				SDKROOT = macosx;
			};
			name = Debug;
		};
		5EEFDB901EFEC62600788543 /* Release */ = {
			isa = XCBuildConfiguration;
			buildSettings = {
				ALWAYS_SEARCH_USER_PATHS = NO;
				CLANG_CXX_LANGUAGE_STANDARD = "gnu++0x";
				CLANG_CXX_LIBRARY = "libc++";
				CLANG_ENABLE_MODULES = YES;
				CLANG_ENABLE_OBJC_ARC = YES;
				CLANG_WARN_BOOL_CONVERSION = YES;
				CLANG_WARN_CONSTANT_CONVERSION = YES;
				CLANG_WARN_DIRECT_OBJC_ISA_USAGE = YES_ERROR;
				CLANG_WARN_EMPTY_BODY = YES;
				CLANG_WARN_ENUM_CONVERSION = YES;
				CLANG_WARN_INT_CONVERSION = YES;
				CLANG_WARN_OBJC_ROOT_CLASS = YES_ERROR;
				CLANG_WARN_UNREACHABLE_CODE = YES;
				CLANG_WARN__DUPLICATE_METHOD_MATCH = YES;
				CODE_SIGN_IDENTITY = "-";
				COPY_PHASE_STRIP = NO;
				DEBUG_INFORMATION_FORMAT = "dwarf-with-dsym";
				ENABLE_NS_ASSERTIONS = NO;
				ENABLE_STRICT_OBJC_MSGSEND = YES;
				GCC_C_LANGUAGE_STANDARD = gnu99;
				GCC_NO_COMMON_BLOCKS = YES;
				GCC_WARN_64_TO_32_BIT_CONVERSION = YES;
				GCC_WARN_ABOUT_RETURN_TYPE = YES_ERROR;
				GCC_WARN_UNDECLARED_SELECTOR = YES;
				GCC_WARN_UNINITIALIZED_AUTOS = YES_AGGRESSIVE;
				GCC_WARN_UNUSED_FUNCTION = YES;
				GCC_WARN_UNUSED_VARIABLE = YES;
				MACOSX_DEPLOYMENT_TARGET = 10.10;
				MTL_ENABLE_DEBUG_INFO = NO;
				SDKROOT = macosx;
			};
			name = Release;
		};
		5EEFDB921EFEC62600788543 /* Debug */ = {
			isa = XCBuildConfiguration;
			buildSettings = {
				PRODUCT_NAME = "$(TARGET_NAME)";
			};
			name = Debug;
		};
		5EEFDB931EFEC62600788543 /* Release */ = {
			isa = XCBuildConfiguration;
			buildSettings = {
				PRODUCT_NAME = "$(TARGET_NAME)";
			};
			name = Release;
		};
/* End XCBuildConfiguration section */

/* Begin XCConfigurationList section */
		5EEFDB851EFEC62600788543 /* Build configuration list for PBXProject "fc" */ = {
			isa = XCConfigurationList;
			buildConfigurations = (
				5EEFDB8F1EFEC62600788543 /* Debug */,
				5EEFDB901EFEC62600788543 /* Release */,
			);
			defaultConfigurationIsVisible = 0;
			defaultConfigurationName = Release;
		};
		5EEFDB911EFEC62600788543 /* Build configuration list for PBXNativeTarget "fc" */ = {
			isa = XCConfigurationList;
			buildConfigurations = (
				5EEFDB921EFEC62600788543 /* Debug */,
				5EEFDB931EFEC62600788543 /* Release */,
			);
			defaultConfigurationIsVisible = 0;
		};
/* End XCConfigurationList section */
	};
	rootObject = 5EEFDB821EFEC62600788543 /* Project object */;
}
